// !$*UTF8*$!
{
	archiveVersion = 1;
	classes = {
	};
	objectVersion = 50;
	objects = {

/* Begin PBXBuildFile section */
		39FFA82D23D8FE7000C71AD7 /* AppDelegate.swift in Sources */ = {isa = PBXBuildFile; fileRef = 39FFA82C23D8FE7000C71AD7 /* AppDelegate.swift */; };
		39FFA82F23D8FE7000C71AD7 /* SceneDelegate.swift in Sources */ = {isa = PBXBuildFile; fileRef = 39FFA82E23D8FE7000C71AD7 /* SceneDelegate.swift */; };
		39FFA83123D8FE7000C71AD7 /* ContentView.swift in Sources */ = {isa = PBXBuildFile; fileRef = 39FFA83023D8FE7000C71AD7 /* ContentView.swift */; };
		39FFA83323D8FE7200C71AD7 /* Assets.xcassets in Resources */ = {isa = PBXBuildFile; fileRef = 39FFA83223D8FE7200C71AD7 /* Assets.xcassets */; };
		39FFA83623D8FE7200C71AD7 /* Preview Assets.xcassets in Resources */ = {isa = PBXBuildFile; fileRef = 39FFA83523D8FE7200C71AD7 /* Preview Assets.xcassets */; };
		39FFA83923D8FE7200C71AD7 /* LaunchScreen.storyboard in Resources */ = {isa = PBXBuildFile; fileRef = 39FFA83723D8FE7200C71AD7 /* LaunchScreen.storyboard */; };
		39FFA84423D8FE7200C71AD7 /* TipCalcTests.swift in Sources */ = {isa = PBXBuildFile; fileRef = 39FFA84323D8FE7200C71AD7 /* TipCalcTests.swift */; };
		39FFA84F23D8FE7200C71AD7 /* TipCalcUITests.swift in Sources */ = {isa = PBXBuildFile; fileRef = 39FFA84E23D8FE7200C71AD7 /* TipCalcUITests.swift */; };
		39FFA85D23D8FFBA00C71AD7 /* Main.storyboard in Resources */ = {isa = PBXBuildFile; fileRef = 39FFA85C23D8FFBA00C71AD7 /* Main.storyboard */; };
/* End PBXBuildFile section */

/* Begin PBXContainerItemProxy section */
		39FFA84023D8FE7200C71AD7 /* PBXContainerItemProxy */ = {
			isa = PBXContainerItemProxy;
			containerPortal = 39FFA82123D8FE7000C71AD7 /* Project object */;
			proxyType = 1;
			remoteGlobalIDString = 39FFA82823D8FE7000C71AD7;
			remoteInfo = TipCalc;
		};
		39FFA84B23D8FE7200C71AD7 /* PBXContainerItemProxy */ = {
			isa = PBXContainerItemProxy;
			containerPortal = 39FFA82123D8FE7000C71AD7 /* Project object */;
			proxyType = 1;
			remoteGlobalIDString = 39FFA82823D8FE7000C71AD7;
			remoteInfo = TipCalc;
		};
/* End PBXContainerItemProxy section */

/* Begin PBXFileReference section */
		39FFA82923D8FE7000C71AD7 /* TipCalc.app */ = {isa = PBXFileReference; explicitFileType = wrapper.application; includeInIndex = 0; path = TipCalc.app; sourceTree = BUILT_PRODUCTS_DIR; };
		39FFA82C23D8FE7000C71AD7 /* AppDelegate.swift */ = {isa = PBXFileReference; lastKnownFileType = sourcecode.swift; path = AppDelegate.swift; sourceTree = "<group>"; };
		39FFA82E23D8FE7000C71AD7 /* SceneDelegate.swift */ = {isa = PBXFileReference; lastKnownFileType = sourcecode.swift; path = SceneDelegate.swift; sourceTree = "<group>"; };
		39FFA83023D8FE7000C71AD7 /* ContentView.swift */ = {isa = PBXFileReference; lastKnownFileType = sourcecode.swift; path = ContentView.swift; sourceTree = "<group>"; };
		39FFA83223D8FE7200C71AD7 /* Assets.xcassets */ = {isa = PBXFileReference; lastKnownFileType = folder.assetcatalog; path = Assets.xcassets; sourceTree = "<group>"; };
		39FFA83523D8FE7200C71AD7 /* Preview Assets.xcassets */ = {isa = PBXFileReference; lastKnownFileType = folder.assetcatalog; path = "Preview Assets.xcassets"; sourceTree = "<group>"; };
		39FFA83823D8FE7200C71AD7 /* Base */ = {isa = PBXFileReference; lastKnownFileType = file.storyboard; name = Base; path = Base.lproj/LaunchScreen.storyboard; sourceTree = "<group>"; };
		39FFA83A23D8FE7200C71AD7 /* Info.plist */ = {isa = PBXFileReference; lastKnownFileType = text.plist.xml; path = Info.plist; sourceTree = "<group>"; };
		39FFA83F23D8FE7200C71AD7 /* TipCalcTests.xctest */ = {isa = PBXFileReference; explicitFileType = wrapper.cfbundle; includeInIndex = 0; path = TipCalcTests.xctest; sourceTree = BUILT_PRODUCTS_DIR; };
		39FFA84323D8FE7200C71AD7 /* TipCalcTests.swift */ = {isa = PBXFileReference; lastKnownFileType = sourcecode.swift; path = TipCalcTests.swift; sourceTree = "<group>"; };
		39FFA84523D8FE7200C71AD7 /* Info.plist */ = {isa = PBXFileReference; lastKnownFileType = text.plist.xml; path = Info.plist; sourceTree = "<group>"; };
		39FFA84A23D8FE7200C71AD7 /* TipCalcUITests.xctest */ = {isa = PBXFileReference; explicitFileType = wrapper.cfbundle; includeInIndex = 0; path = TipCalcUITests.xctest; sourceTree = BUILT_PRODUCTS_DIR; };
		39FFA84E23D8FE7200C71AD7 /* TipCalcUITests.swift */ = {isa = PBXFileReference; lastKnownFileType = sourcecode.swift; path = TipCalcUITests.swift; sourceTree = "<group>"; };
		39FFA85023D8FE7200C71AD7 /* Info.plist */ = {isa = PBXFileReference; lastKnownFileType = text.plist.xml; path = Info.plist; sourceTree = "<group>"; };
		39FFA85C23D8FFBA00C71AD7 /* Main.storyboard */ = {isa = PBXFileReference; lastKnownFileType = file.storyboard; path = Main.storyboard; sourceTree = "<group>"; };
/* End PBXFileReference section */

/* Begin PBXFrameworksBuildPhase section */
		39FFA82623D8FE7000C71AD7 /* Frameworks */ = {
			isa = PBXFrameworksBuildPhase;
			buildActionMask = 2147483647;
			files = (
			);
			runOnlyForDeploymentPostprocessing = 0;
		};
		39FFA83C23D8FE7200C71AD7 /* Frameworks */ = {
			isa = PBXFrameworksBuildPhase;
			buildActionMask = 2147483647;
			files = (
			);
			runOnlyForDeploymentPostprocessing = 0;
		};
		39FFA84723D8FE7200C71AD7 /* Frameworks */ = {
			isa = PBXFrameworksBuildPhase;
			buildActionMask = 2147483647;
			files = (
			);
			runOnlyForDeploymentPostprocessing = 0;
		};
/* End PBXFrameworksBuildPhase section */

/* Begin PBXGroup section */
		39FFA82023D8FE7000C71AD7 = {
			isa = PBXGroup;
			children = (
				39FFA82B23D8FE7000C71AD7 /* TipCalc */,
				39FFA84223D8FE7200C71AD7 /* TipCalcTests */,
				39FFA84D23D8FE7200C71AD7 /* TipCalcUITests */,
				39FFA82A23D8FE7000C71AD7 /* Products */,
			);
			sourceTree = "<group>";
		};
		39FFA82A23D8FE7000C71AD7 /* Products */ = {
			isa = PBXGroup;
			children = (
				39FFA82923D8FE7000C71AD7 /* TipCalc.app */,
				39FFA83F23D8FE7200C71AD7 /* TipCalcTests.xctest */,
				39FFA84A23D8FE7200C71AD7 /* TipCalcUITests.xctest */,
			);
			name = Products;
			sourceTree = "<group>";
		};
		39FFA82B23D8FE7000C71AD7 /* TipCalc */ = {
			isa = PBXGroup;
			children = (
				39FFA82C23D8FE7000C71AD7 /* AppDelegate.swift */,
				39FFA82E23D8FE7000C71AD7 /* SceneDelegate.swift */,
				39FFA83023D8FE7000C71AD7 /* ContentView.swift */,
				39FFA85C23D8FFBA00C71AD7 /* Main.storyboard */,
				39FFA83223D8FE7200C71AD7 /* Assets.xcassets */,
				39FFA83723D8FE7200C71AD7 /* LaunchScreen.storyboard */,
				39FFA83A23D8FE7200C71AD7 /* Info.plist */,
				39FFA83423D8FE7200C71AD7 /* Preview Content */,
			);
			path = TipCalc;
			sourceTree = "<group>";
		};
		39FFA83423D8FE7200C71AD7 /* Preview Content */ = {
			isa = PBXGroup;
			children = (
				39FFA83523D8FE7200C71AD7 /* Preview Assets.xcassets */,
			);
			path = "Preview Content";
			sourceTree = "<group>";
		};
		39FFA84223D8FE7200C71AD7 /* TipCalcTests */ = {
			isa = PBXGroup;
			children = (
				39FFA84323D8FE7200C71AD7 /* TipCalcTests.swift */,
				39FFA84523D8FE7200C71AD7 /* Info.plist */,
			);
			path = TipCalcTests;
			sourceTree = "<group>";
		};
		39FFA84D23D8FE7200C71AD7 /* TipCalcUITests */ = {
			isa = PBXGroup;
			children = (
				39FFA84E23D8FE7200C71AD7 /* TipCalcUITests.swift */,
				39FFA85023D8FE7200C71AD7 /* Info.plist */,
			);
			path = TipCalcUITests;
			sourceTree = "<group>";
		};
/* End PBXGroup section */

/* Begin PBXNativeTarget section */
		39FFA82823D8FE7000C71AD7 /* TipCalc */ = {
			isa = PBXNativeTarget;
			buildConfigurationList = 39FFA85323D8FE7200C71AD7 /* Build configuration list for PBXNativeTarget "TipCalc" */;
			buildPhases = (
				39FFA82523D8FE7000C71AD7 /* Sources */,
				39FFA82623D8FE7000C71AD7 /* Frameworks */,
				39FFA82723D8FE7000C71AD7 /* Resources */,
			);
			buildRules = (
			);
			dependencies = (
			);
			name = TipCalc;
			productName = TipCalc;
			productReference = 39FFA82923D8FE7000C71AD7 /* TipCalc.app */;
			productType = "com.apple.product-type.application";
		};
		39FFA83E23D8FE7200C71AD7 /* TipCalcTests */ = {
			isa = PBXNativeTarget;
			buildConfigurationList = 39FFA85623D8FE7200C71AD7 /* Build configuration list for PBXNativeTarget "TipCalcTests" */;
			buildPhases = (
				39FFA83B23D8FE7200C71AD7 /* Sources */,
				39FFA83C23D8FE7200C71AD7 /* Frameworks */,
				39FFA83D23D8FE7200C71AD7 /* Resources */,
			);
			buildRules = (
			);
			dependencies = (
				39FFA84123D8FE7200C71AD7 /* PBXTargetDependency */,
			);
			name = TipCalcTests;
			productName = TipCalcTests;
			productReference = 39FFA83F23D8FE7200C71AD7 /* TipCalcTests.xctest */;
			productType = "com.apple.product-type.bundle.unit-test";
		};
		39FFA84923D8FE7200C71AD7 /* TipCalcUITests */ = {
			isa = PBXNativeTarget;
			buildConfigurationList = 39FFA85923D8FE7200C71AD7 /* Build configuration list for PBXNativeTarget "TipCalcUITests" */;
			buildPhases = (
				39FFA84623D8FE7200C71AD7 /* Sources */,
				39FFA84723D8FE7200C71AD7 /* Frameworks */,
				39FFA84823D8FE7200C71AD7 /* Resources */,
			);
			buildRules = (
			);
			dependencies = (
				39FFA84C23D8FE7200C71AD7 /* PBXTargetDependency */,
			);
			name = TipCalcUITests;
			productName = TipCalcUITests;
			productReference = 39FFA84A23D8FE7200C71AD7 /* TipCalcUITests.xctest */;
			productType = "com.apple.product-type.bundle.ui-testing";
		};
/* End PBXNativeTarget section */

/* Begin PBXProject section */
		39FFA82123D8FE7000C71AD7 /* Project object */ = {
			isa = PBXProject;
			attributes = {
				LastSwiftUpdateCheck = 1130;
				LastUpgradeCheck = 1130;
				ORGANIZATIONNAME = Eamon;
				TargetAttributes = {
					39FFA82823D8FE7000C71AD7 = {
						CreatedOnToolsVersion = 11.3.1;
					};
					39FFA83E23D8FE7200C71AD7 = {
						CreatedOnToolsVersion = 11.3.1;
						TestTargetID = 39FFA82823D8FE7000C71AD7;
					};
					39FFA84923D8FE7200C71AD7 = {
						CreatedOnToolsVersion = 11.3.1;
						TestTargetID = 39FFA82823D8FE7000C71AD7;
					};
				};
			};
			buildConfigurationList = 39FFA82423D8FE7000C71AD7 /* Build configuration list for PBXProject "TipCalc" */;
			compatibilityVersion = "Xcode 9.3";
			developmentRegion = en;
			hasScannedForEncodings = 0;
			knownRegions = (
				en,
				Base,
			);
			mainGroup = 39FFA82023D8FE7000C71AD7;
			productRefGroup = 39FFA82A23D8FE7000C71AD7 /* Products */;
			projectDirPath = "";
			projectRoot = "";
			targets = (
				39FFA82823D8FE7000C71AD7 /* TipCalc */,
				39FFA83E23D8FE7200C71AD7 /* TipCalcTests */,
				39FFA84923D8FE7200C71AD7 /* TipCalcUITests */,
			);
		};
/* End PBXProject section */

/* Begin PBXResourcesBuildPhase section */
		39FFA82723D8FE7000C71AD7 /* Resources */ = {
			isa = PBXResourcesBuildPhase;
			buildActionMask = 2147483647;
			files = (
				39FFA83923D8FE7200C71AD7 /* LaunchScreen.storyboard in Resources */,
				39FFA83623D8FE7200C71AD7 /* Preview Assets.xcassets in Resources */,
				39FFA83323D8FE7200C71AD7 /* Assets.xcassets in Resources */,
				39FFA85D23D8FFBA00C71AD7 /* Main.storyboard in Resources */,
			);
			runOnlyForDeploymentPostprocessing = 0;
		};
		39FFA83D23D8FE7200C71AD7 /* Resources */ = {
			isa = PBXResourcesBuildPhase;
			buildActionMask = 2147483647;
			files = (
			);
			runOnlyForDeploymentPostprocessing = 0;
		};
		39FFA84823D8FE7200C71AD7 /* Resources */ = {
			isa = PBXResourcesBuildPhase;
			buildActionMask = 2147483647;
			files = (
			);
			runOnlyForDeploymentPostprocessing = 0;
		};
/* End PBXResourcesBuildPhase section */

/* Begin PBXSourcesBuildPhase section */
		39FFA82523D8FE7000C71AD7 /* Sources */ = {
			isa = PBXSourcesBuildPhase;
			buildActionMask = 2147483647;
			files = (
				39FFA82D23D8FE7000C71AD7 /* AppDelegate.swift in Sources */,
				39FFA82F23D8FE7000C71AD7 /* SceneDelegate.swift in Sources */,
				39FFA83123D8FE7000C71AD7 /* ContentView.swift in Sources */,
			);
			runOnlyForDeploymentPostprocessing = 0;
		};
		39FFA83B23D8FE7200C71AD7 /* Sources */ = {
			isa = PBXSourcesBuildPhase;
			buildActionMask = 2147483647;
			files = (
				39FFA84423D8FE7200C71AD7 /* TipCalcTests.swift in Sources */,
			);
			runOnlyForDeploymentPostprocessing = 0;
		};
		39FFA84623D8FE7200C71AD7 /* Sources */ = {
			isa = PBXSourcesBuildPhase;
			buildActionMask = 2147483647;
			files = (
				39FFA84F23D8FE7200C71AD7 /* TipCalcUITests.swift in Sources */,
			);
			runOnlyForDeploymentPostprocessing = 0;
		};
/* End PBXSourcesBuildPhase section */

/* Begin PBXTargetDependency section */
		39FFA84123D8FE7200C71AD7 /* PBXTargetDependency */ = {
			isa = PBXTargetDependency;
			target = 39FFA82823D8FE7000C71AD7 /* TipCalc */;
			targetProxy = 39FFA84023D8FE7200C71AD7 /* PBXContainerItemProxy */;
		};
		39FFA84C23D8FE7200C71AD7 /* PBXTargetDependency */ = {
			isa = PBXTargetDependency;
			target = 39FFA82823D8FE7000C71AD7 /* TipCalc */;
			targetProxy = 39FFA84B23D8FE7200C71AD7 /* PBXContainerItemProxy */;
		};
/* End PBXTargetDependency section */

/* Begin PBXVariantGroup section */
		39FFA83723D8FE7200C71AD7 /* LaunchScreen.storyboard */ = {
			isa = PBXVariantGroup;
			children = (
				39FFA83823D8FE7200C71AD7 /* Base */,
			);
			name = LaunchScreen.storyboard;
			sourceTree = "<group>";
		};
/* End PBXVariantGroup section */

/* Begin XCBuildConfiguration section */
		39FFA85123D8FE7200C71AD7 /* Debug */ = {
			isa = XCBuildConfiguration;
			buildSettings = {
				ALWAYS_SEARCH_USER_PATHS = NO;
				CLANG_ANALYZER_NONNULL = YES;
				CLANG_ANALYZER_NUMBER_OBJECT_CONVERSION = YES_AGGRESSIVE;
				CLANG_CXX_LANGUAGE_STANDARD = "gnu++14";
				CLANG_CXX_LIBRARY = "libc++";
				CLANG_ENABLE_MODULES = YES;
				CLANG_ENABLE_OBJC_ARC = YES;
				CLANG_ENABLE_OBJC_WEAK = YES;
				CLANG_WARN_BLOCK_CAPTURE_AUTORELEASING = YES;
				CLANG_WARN_BOOL_CONVERSION = YES;
				CLANG_WARN_COMMA = YES;
				CLANG_WARN_CONSTANT_CONVERSION = YES;
				CLANG_WARN_DEPRECATED_OBJC_IMPLEMENTATIONS = YES;
				CLANG_WARN_DIRECT_OBJC_ISA_USAGE = YES_ERROR;
				CLANG_WARN_DOCUMENTATION_COMMENTS = YES;
				CLANG_WARN_EMPTY_BODY = YES;
				CLANG_WARN_ENUM_CONVERSION = YES;
				CLANG_WARN_INFINITE_RECURSION = YES;
				CLANG_WARN_INT_CONVERSION = YES;
				CLANG_WARN_NON_LITERAL_NULL_CONVERSION = YES;
				CLANG_WARN_OBJC_IMPLICIT_RETAIN_SELF = YES;
				CLANG_WARN_OBJC_LITERAL_CONVERSION = YES;
				CLANG_WARN_OBJC_ROOT_CLASS = YES_ERROR;
				CLANG_WARN_RANGE_LOOP_ANALYSIS = YES;
				CLANG_WARN_STRICT_PROTOTYPES = YES;
				CLANG_WARN_SUSPICIOUS_MOVE = YES;
				CLANG_WARN_UNGUARDED_AVAILABILITY = YES_AGGRESSIVE;
				CLANG_WARN_UNREACHABLE_CODE = YES;
				CLANG_WARN__DUPLICATE_METHOD_MATCH = YES;
				COPY_PHASE_STRIP = NO;
				DEBUG_INFORMATION_FORMAT = dwarf;
				ENABLE_STRICT_OBJC_MSGSEND = YES;
				ENABLE_TESTABILITY = YES;
				GCC_C_LANGUAGE_STANDARD = gnu11;
				GCC_DYNAMIC_NO_PIC = NO;
				GCC_NO_COMMON_BLOCKS = YES;
				GCC_OPTIMIZATION_LEVEL = 0;
				GCC_PREPROCESSOR_DEFINITIONS = (
					"DEBUG=1",
					"$(inherited)",
				);
				GCC_WARN_64_TO_32_BIT_CONVERSION = YES;
				GCC_WARN_ABOUT_RETURN_TYPE = YES_ERROR;
				GCC_WARN_UNDECLARED_SELECTOR = YES;
				GCC_WARN_UNINITIALIZED_AUTOS = YES_AGGRESSIVE;
				GCC_WARN_UNUSED_FUNCTION = YES;
				GCC_WARN_UNUSED_VARIABLE = YES;
				IPHONEOS_DEPLOYMENT_TARGET = 13.2;
				MTL_ENABLE_DEBUG_INFO = INCLUDE_SOURCE;
				MTL_FAST_MATH = YES;
				ONLY_ACTIVE_ARCH = YES;
				SDKROOT = iphoneos;
				SWIFT_ACTIVE_COMPILATION_CONDITIONS = DEBUG;
				SWIFT_OPTIMIZATION_LEVEL = "-Onone";
			};
			name = Debug;
		};
		39FFA85223D8FE7200C71AD7 /* Release */ = {
			isa = XCBuildConfiguration;
			buildSettings = {
				ALWAYS_SEARCH_USER_PATHS = NO;
				CLANG_ANALYZER_NONNULL = YES;
				CLANG_ANALYZER_NUMBER_OBJECT_CONVERSION = YES_AGGRESSIVE;
				CLANG_CXX_LANGUAGE_STANDARD = "gnu++14";
				CLANG_CXX_LIBRARY = "libc++";
				CLANG_ENABLE_MODULES = YES;
				CLANG_ENABLE_OBJC_ARC = YES;
				CLANG_ENABLE_OBJC_WEAK = YES;
				CLANG_WARN_BLOCK_CAPTURE_AUTORELEASING = YES;
				CLANG_WARN_BOOL_CONVERSION = YES;
				CLANG_WARN_COMMA = YES;
				CLANG_WARN_CONSTANT_CONVERSION = YES;
				CLANG_WARN_DEPRECATED_OBJC_IMPLEMENTATIONS = YES;
				CLANG_WARN_DIRECT_OBJC_ISA_USAGE = YES_ERROR;
				CLANG_WARN_DOCUMENTATION_COMMENTS = YES;
				CLANG_WARN_EMPTY_BODY = YES;
				CLANG_WARN_ENUM_CONVERSION = YES;
				CLANG_WARN_INFINITE_RECURSION = YES;
				CLANG_WARN_INT_CONVERSION = YES;
				CLANG_WARN_NON_LITERAL_NULL_CONVERSION = YES;
				CLANG_WARN_OBJC_IMPLICIT_RETAIN_SELF = YES;
				CLANG_WARN_OBJC_LITERAL_CONVERSION = YES;
				CLANG_WARN_OBJC_ROOT_CLASS = YES_ERROR;
				CLANG_WARN_RANGE_LOOP_ANALYSIS = YES;
				CLANG_WARN_STRICT_PROTOTYPES = YES;
				CLANG_WARN_SUSPICIOUS_MOVE = YES;
				CLANG_WARN_UNGUARDED_AVAILABILITY = YES_AGGRESSIVE;
				CLANG_WARN_UNREACHABLE_CODE = YES;
				CLANG_WARN__DUPLICATE_METHOD_MATCH = YES;
				COPY_PHASE_STRIP = NO;
				DEBUG_INFORMATION_FORMAT = "dwarf-with-dsym";
				ENABLE_NS_ASSERTIONS = NO;
				ENABLE_STRICT_OBJC_MSGSEND = YES;
				GCC_C_LANGUAGE_STANDARD = gnu11;
				GCC_NO_COMMON_BLOCKS = YES;
				GCC_WARN_64_TO_32_BIT_CONVERSION = YES;
				GCC_WARN_ABOUT_RETURN_TYPE = YES_ERROR;
				GCC_WARN_UNDECLARED_SELECTOR = YES;
				GCC_WARN_UNINITIALIZED_AUTOS = YES_AGGRESSIVE;
				GCC_WARN_UNUSED_FUNCTION = YES;
				GCC_WARN_UNUSED_VARIABLE = YES;
				IPHONEOS_DEPLOYMENT_TARGET = 13.2;
				MTL_ENABLE_DEBUG_INFO = NO;
				MTL_FAST_MATH = YES;
				SDKROOT = iphoneos;
				SWIFT_COMPILATION_MODE = wholemodule;
				SWIFT_OPTIMIZATION_LEVEL = "-O";
				VALIDATE_PRODUCT = YES;
			};
			name = Release;
		};
		39FFA85423D8FE7200C71AD7 /* Debug */ = {
			isa = XCBuildConfiguration;
			buildSettings = {
				ASSETCATALOG_COMPILER_APPICON_NAME = AppIcon;
				CODE_SIGN_STYLE = Automatic;
				DEVELOPMENT_ASSET_PATHS = "\"TipCalc/Preview Content\"";
				ENABLE_PREVIEWS = YES;
				INFOPLIST_FILE = TipCalc/Info.plist;
				LD_RUNPATH_SEARCH_PATHS = (
					"$(inherited)",
					"@executable_path/Frameworks",
				);
				PRODUCT_BUNDLE_IDENTIFIER = Eamon.TipCalc;
				PRODUCT_NAME = "$(TARGET_NAME)";
				SWIFT_VERSION = 5.0;
				TARGETED_DEVICE_FAMILY = "1,2";
			};
			name = Debug;
		};
		39FFA85523D8FE7200C71AD7 /* Release */ = {
			isa = XCBuildConfiguration;
			buildSettings = {
				ASSETCATALOG_COMPILER_APPICON_NAME = AppIcon;
				CODE_SIGN_STYLE = Automatic;
				DEVELOPMENT_ASSET_PATHS = "\"TipCalc/Preview Content\"";
				ENABLE_PREVIEWS = YES;
				INFOPLIST_FILE = TipCalc/Info.plist;
				LD_RUNPATH_SEARCH_PATHS = (
					"$(inherited)",
					"@executable_path/Frameworks",
				);
				PRODUCT_BUNDLE_IDENTIFIER = Eamon.TipCalc;
				PRODUCT_NAME = "$(TARGET_NAME)";
				SWIFT_VERSION = 5.0;
				TARGETED_DEVICE_FAMILY = "1,2";
			};
			name = Release;
		};
		39FFA85723D8FE7200C71AD7 /* Debug */ = {
			isa = XCBuildConfiguration;
			buildSettings = {
				ALWAYS_EMBED_SWIFT_STANDARD_LIBRARIES = YES;
				BUNDLE_LOADER = "$(TEST_HOST)";
				CODE_SIGN_STYLE = Automatic;
				INFOPLIST_FILE = TipCalcTests/Info.plist;
				IPHONEOS_DEPLOYMENT_TARGET = 13.2;
				LD_RUNPATH_SEARCH_PATHS = (
					"$(inherited)",
					"@executable_path/Frameworks",
					"@loader_path/Frameworks",
				);
				PRODUCT_BUNDLE_IDENTIFIER = Eamon.TipCalcTests;
				PRODUCT_NAME = "$(TARGET_NAME)";
				SWIFT_VERSION = 5.0;
				TARGETED_DEVICE_FAMILY = "1,2";
				TEST_HOST = "$(BUILT_PRODUCTS_DIR)/TipCalc.app/TipCalc";
			};
			name = Debug;
		};
		39FFA85823D8FE7200C71AD7 /* Release */ = {
			isa = XCBuildConfiguration;
			buildSettings = {
				ALWAYS_EMBED_SWIFT_STANDARD_LIBRARIES = YES;
				BUNDLE_LOADER = "$(TEST_HOST)";
				CODE_SIGN_STYLE = Automatic;
				INFOPLIST_FILE = TipCalcTests/Info.plist;
				IPHONEOS_DEPLOYMENT_TARGET = 13.2;
				LD_RUNPATH_SEARCH_PATHS = (
					"$(inherited)",
					"@executable_path/Frameworks",
					"@loader_path/Frameworks",
				);
				PRODUCT_BUNDLE_IDENTIFIER = Eamon.TipCalcTests;
				PRODUCT_NAME = "$(TARGET_NAME)";
				SWIFT_VERSION = 5.0;
				TARGETED_DEVICE_FAMILY = "1,2";
				TEST_HOST = "$(BUILT_PRODUCTS_DIR)/TipCalc.app/TipCalc";
			};
			name = Release;
		};
		39FFA85A23D8FE7200C71AD7 /* Debug */ = {
			isa = XCBuildConfiguration;
			buildSettings = {
				ALWAYS_EMBED_SWIFT_STANDARD_LIBRARIES = YES;
				CODE_SIGN_STYLE = Automatic;
				INFOPLIST_FILE = TipCalcUITests/Info.plist;
				LD_RUNPATH_SEARCH_PATHS = (
					"$(inherited)",
					"@executable_path/Frameworks",
					"@loader_path/Frameworks",
				);
				PRODUCT_BUNDLE_IDENTIFIER = Eamon.TipCalcUITests;
				PRODUCT_NAME = "$(TARGET_NAME)";
				SWIFT_VERSION = 5.0;
				TARGETED_DEVICE_FAMILY = "1,2";
				TEST_TARGET_NAME = TipCalc;
			};
			name = Debug;
		};
		39FFA85B23D8FE7200C71AD7 /* Release */ = {
			isa = XCBuildConfiguration;
			buildSettings = {
				ALWAYS_EMBED_SWIFT_STANDARD_LIBRARIES = YES;
				CODE_SIGN_STYLE = Automatic;
				INFOPLIST_FILE = TipCalcUITests/Info.plist;
				LD_RUNPATH_SEARCH_PATHS = (
					"$(inherited)",
					"@executable_path/Frameworks",
					"@loader_path/Frameworks",
				);
				PRODUCT_BUNDLE_IDENTIFIER = Eamon.TipCalcUITests;
				PRODUCT_NAME = "$(TARGET_NAME)";
				SWIFT_VERSION = 5.0;
				TARGETED_DEVICE_FAMILY = "1,2";
				TEST_TARGET_NAME = TipCalc;
			};
			name = Release;
		};
/* End XCBuildConfiguration section */

/* Begin XCConfigurationList section */
		39FFA82423D8FE7000C71AD7 /* Build configuration list for PBXProject "TipCalc" */ = {
			isa = XCConfigurationList;
			buildConfigurations = (
				39FFA85123D8FE7200C71AD7 /* Debug */,
				39FFA85223D8FE7200C71AD7 /* Release */,
			);
			defaultConfigurationIsVisible = 0;
			defaultConfigurationName = Release;
		};
		39FFA85323D8FE7200C71AD7 /* Build configuration list for PBXNativeTarget "TipCalc" */ = {
			isa = XCConfigurationList;
			buildConfigurations = (
				39FFA85423D8FE7200C71AD7 /* Debug */,
				39FFA85523D8FE7200C71AD7 /* Release */,
			);
			defaultConfigurationIsVisible = 0;
			defaultConfigurationName = Release;
		};
		39FFA85623D8FE7200C71AD7 /* Build configuration list for PBXNativeTarget "TipCalcTests" */ = {
			isa = XCConfigurationList;
			buildConfigurations = (
				39FFA85723D8FE7200C71AD7 /* Debug */,
				39FFA85823D8FE7200C71AD7 /* Release */,
			);
			defaultConfigurationIsVisible = 0;
			defaultConfigurationName = Release;
		};
		39FFA85923D8FE7200C71AD7 /* Build configuration list for PBXNativeTarget "TipCalcUITests" */ = {
			isa = XCConfigurationList;
			buildConfigurations = (
				39FFA85A23D8FE7200C71AD7 /* Debug */,
				39FFA85B23D8FE7200C71AD7 /* Release */,
			);
			defaultConfigurationIsVisible = 0;
			defaultConfigurationName = Release;
		};
/* End XCConfigurationList section */
	};
	rootObject = 39FFA82123D8FE7000C71AD7 /* Project object */;
}
